
Microsoft Visual Studio Solution File, Format Version 12.00
# Visual Studio 15
VisualStudioVersion = 15.0.28307.2017
MinimumVisualStudioVersion = 10.0.40219.1
Project("{FAE04EC0-301F-11D3-BF4B-00C04F79EFBC}") = "RedRiverTechnicalWebApp", "RedRiverTechnicalWebApp\RedRiverTechnicalWebApp.csproj", "{BE3D3802-6F33-4099-98A5-34F5AC19167D}"
EndProject
Global
	GlobalSection(SolutionConfigurationPlatforms) = preSolution
		Debug|Any CPU = Debug|Any CPU
		Release|Any CPU = Release|Any CPU
	EndGlobalSection
	GlobalSection(ProjectConfigurationPlatforms) = postSolution
		{BE3D3802-6F33-4099-98A5-34F5AC19167D}.Debug|Any CPU.ActiveCfg = Debug|Any CPU
		{BE3D3802-6F33-4099-98A5-34F5AC19167D}.Debug|Any CPU.Build.0 = Debug|Any CPU
		{BE3D3802-6F33-4099-98A5-34F5AC19167D}.Release|Any CPU.ActiveCfg = Release|Any CPU
		{BE3D3802-6F33-4099-98A5-34F5AC19167D}.Release|Any CPU.Build.0 = Release|Any CPU
	EndGlobalSection
	GlobalSection(SolutionProperties) = preSolution
		HideSolutionNode = FALSE
	EndGlobalSection
	GlobalSection(ExtensibilityGlobals) = postSolution
		SolutionGuid = {CFF5231D-86A0-4AF4-A903-6845F139845D}
	EndGlobalSection
EndGlobal
